// !$*UTF8*$!
{
	archiveVersion = 1;
	classes = {
	};
	objectVersion = 46;
	objects = {

/* Begin PBXAggregateTarget section */
		C01D50751ED7BDB000AD27AF /* Mogenerator */ = {
			isa = PBXAggregateTarget;
			buildConfigurationList = C01D50781ED7BDB000AD27AF /* Build configuration list for PBXAggregateTarget "Mogenerator" */;
			buildPhases = (
				C01D507D1ED7C02D00AD27AF /* ShellScript */,
			);
			dependencies = (
			);
			name = Mogenerator;
			productName = Mogenerator;
		};
/* End PBXAggregateTarget section */

/* Begin PBXBuildFile section */
		C01D507C1ED7BE0200AD27AF /* Model.xcdatamodeld in Sources */ = {isa = PBXBuildFile; fileRef = C01D507A1ED7BE0200AD27AF /* Model.xcdatamodeld */; };
		C01D50821ED7C21300AD27AF /* Category.swift in Sources */ = {isa = PBXBuildFile; fileRef = C01D50801ED7C21300AD27AF /* Category.swift */; };
		C01D50831ED7C21300AD27AF /* News.swift in Sources */ = {isa = PBXBuildFile; fileRef = C01D50811ED7C21300AD27AF /* News.swift */; };
		C01D50861ED7C22800AD27AF /* _Category.swift in Sources */ = {isa = PBXBuildFile; fileRef = C01D50841ED7C22800AD27AF /* _Category.swift */; };
		C01D50871ED7C22800AD27AF /* _News.swift in Sources */ = {isa = PBXBuildFile; fileRef = C01D50851ED7C22800AD27AF /* _News.swift */; };
		C0E886D21ECE666A00FC2FAE /* AppDelegate.swift in Sources */ = {isa = PBXBuildFile; fileRef = C0E886D11ECE666A00FC2FAE /* AppDelegate.swift */; };
		C0E886D71ECE666D00FC2FAE /* Main.storyboard in Resources */ = {isa = PBXBuildFile; fileRef = C0E886D51ECE666D00FC2FAE /* Main.storyboard */; };
		C0E886D91ECE667300FC2FAE /* Assets.xcassets in Resources */ = {isa = PBXBuildFile; fileRef = C0E886D81ECE667300FC2FAE /* Assets.xcassets */; };
		C0E886E61ECE721600FC2FAE /* CategoryViewController.swift in Sources */ = {isa = PBXBuildFile; fileRef = C0E886E51ECE721600FC2FAE /* CategoryViewController.swift */; };
		C0E886E81ECE723100FC2FAE /* NewsViewController.swift in Sources */ = {isa = PBXBuildFile; fileRef = C0E886E71ECE723100FC2FAE /* NewsViewController.swift */; };
		C0E886EB1ECE736500FC2FAE /* Helper.swift in Sources */ = {isa = PBXBuildFile; fileRef = C0E886EA1ECE736500FC2FAE /* Helper.swift */; };
		C0E886ED1ECE750F00FC2FAE /* News.swift in Sources */ = {isa = PBXBuildFile; fileRef = C0E886EC1ECE750F00FC2FAE /* News.swift */; };
		C0E886EF1ECE762B00FC2FAE /* Category.swift in Sources */ = {isa = PBXBuildFile; fileRef = C0E886EE1ECE762B00FC2FAE /* Category.swift */; };
		C0E886F31ECE7C8400FC2FAE /* CategoryTableViewCell.swift in Sources */ = {isa = PBXBuildFile; fileRef = C0E886F11ECE7C8400FC2FAE /* CategoryTableViewCell.swift */; };
		C0E886F41ECE7C8400FC2FAE /* CategoryTableViewCell.xib in Resources */ = {isa = PBXBuildFile; fileRef = C0E886F21ECE7C8400FC2FAE /* CategoryTableViewCell.xib */; };
		C0E886F81ECE869800FC2FAE /* NewsTableViewCell.swift in Sources */ = {isa = PBXBuildFile; fileRef = C0E886F61ECE869800FC2FAE /* NewsTableViewCell.swift */; };
		C0E886F91ECE869800FC2FAE /* NewsTableViewCell.xib in Resources */ = {isa = PBXBuildFile; fileRef = C0E886F71ECE869800FC2FAE /* NewsTableViewCell.xib */; };
		C0E887511ED5015100FC2FAE /* NewsDetailTableViewController.swift in Sources */ = {isa = PBXBuildFile; fileRef = C0E887501ED5015100FC2FAE /* NewsDetailTableViewController.swift */; };
		C5CD2B1A88C6CFCB1E1B778D /* Pods_News.framework in Frameworks */ = {isa = PBXBuildFile; fileRef = 9262ADD2B333734BF6BD9E40 /* Pods_News.framework */; };
/* End PBXBuildFile section */

/* Begin PBXFileReference section */
		06D0A15F47E173EEBA1E85EC /* Pods-News.release.xcconfig */ = {isa = PBXFileReference; includeInIndex = 1; lastKnownFileType = text.xcconfig; name = "Pods-News.release.xcconfig"; path = "Pods/Target Support Files/Pods-News/Pods-News.release.xcconfig"; sourceTree = "<group>"; };
		9262ADD2B333734BF6BD9E40 /* Pods_News.framework */ = {isa = PBXFileReference; explicitFileType = wrapper.framework; includeInIndex = 0; path = Pods_News.framework; sourceTree = BUILT_PRODUCTS_DIR; };
		C01D507B1ED7BE0200AD27AF /* Model.xcdatamodel */ = {isa = PBXFileReference; lastKnownFileType = wrapper.xcdatamodel; path = Model.xcdatamodel; sourceTree = "<group>"; };
		C01D50801ED7C21300AD27AF /* Category.swift */ = {isa = PBXFileReference; fileEncoding = 4; lastKnownFileType = sourcecode.swift; name = Category.swift; path = CoreData/Category.swift; sourceTree = "<group>"; };
		C01D50811ED7C21300AD27AF /* News.swift */ = {isa = PBXFileReference; fileEncoding = 4; lastKnownFileType = sourcecode.swift; name = News.swift; path = CoreData/News.swift; sourceTree = "<group>"; };
		C01D50841ED7C22800AD27AF /* _Category.swift */ = {isa = PBXFileReference; fileEncoding = 4; lastKnownFileType = sourcecode.swift; name = _Category.swift; path = CoreData/_Category.swift; sourceTree = "<group>"; };
		C01D50851ED7C22800AD27AF /* _News.swift */ = {isa = PBXFileReference; fileEncoding = 4; lastKnownFileType = sourcecode.swift; name = _News.swift; path = CoreData/_News.swift; sourceTree = "<group>"; };
		C0E886CE1ECE666700FC2FAE /* News.app */ = {isa = PBXFileReference; explicitFileType = wrapper.application; includeInIndex = 0; path = News.app; sourceTree = BUILT_PRODUCTS_DIR; };
		C0E886D11ECE666A00FC2FAE /* AppDelegate.swift */ = {isa = PBXFileReference; lastKnownFileType = sourcecode.swift; path = AppDelegate.swift; sourceTree = "<group>"; };
		C0E886D61ECE666D00FC2FAE /* Base */ = {isa = PBXFileReference; lastKnownFileType = file.storyboard; name = Base; path = Base.lproj/Main.storyboard; sourceTree = "<group>"; };
		C0E886D81ECE667300FC2FAE /* Assets.xcassets */ = {isa = PBXFileReference; lastKnownFileType = folder.assetcatalog; path = Assets.xcassets; sourceTree = "<group>"; };
		C0E886DD1ECE667800FC2FAE /* Info.plist */ = {isa = PBXFileReference; lastKnownFileType = text.plist.xml; path = Info.plist; sourceTree = "<group>"; };
		C0E886E51ECE721600FC2FAE /* CategoryViewController.swift */ = {isa = PBXFileReference; fileEncoding = 4; lastKnownFileType = sourcecode.swift; path = CategoryViewController.swift; sourceTree = "<group>"; };
		C0E886E71ECE723100FC2FAE /* NewsViewController.swift */ = {isa = PBXFileReference; fileEncoding = 4; lastKnownFileType = sourcecode.swift; path = NewsViewController.swift; sourceTree = "<group>"; };
		C0E886EA1ECE736500FC2FAE /* Helper.swift */ = {isa = PBXFileReference; fileEncoding = 4; lastKnownFileType = sourcecode.swift; path = Helper.swift; sourceTree = "<group>"; };
		C0E886EC1ECE750F00FC2FAE /* News.swift */ = {isa = PBXFileReference; fileEncoding = 4; lastKnownFileType = sourcecode.swift; path = News.swift; sourceTree = "<group>"; };
		C0E886EE1ECE762B00FC2FAE /* Category.swift */ = {isa = PBXFileReference; fileEncoding = 4; lastKnownFileType = sourcecode.swift; path = Category.swift; sourceTree = "<group>"; };
		C0E886F11ECE7C8400FC2FAE /* CategoryTableViewCell.swift */ = {isa = PBXFileReference; fileEncoding = 4; lastKnownFileType = sourcecode.swift; path = CategoryTableViewCell.swift; sourceTree = "<group>"; };
		C0E886F21ECE7C8400FC2FAE /* CategoryTableViewCell.xib */ = {isa = PBXFileReference; fileEncoding = 4; lastKnownFileType = file.xib; path = CategoryTableViewCell.xib; sourceTree = "<group>"; };
		C0E886F61ECE869800FC2FAE /* NewsTableViewCell.swift */ = {isa = PBXFileReference; fileEncoding = 4; lastKnownFileType = sourcecode.swift; path = NewsTableViewCell.swift; sourceTree = "<group>"; };
		C0E886F71ECE869800FC2FAE /* NewsTableViewCell.xib */ = {isa = PBXFileReference; fileEncoding = 4; lastKnownFileType = file.xib; path = NewsTableViewCell.xib; sourceTree = "<group>"; };
		C0E887501ED5015100FC2FAE /* NewsDetailTableViewController.swift */ = {isa = PBXFileReference; fileEncoding = 4; lastKnownFileType = sourcecode.swift; path = NewsDetailTableViewController.swift; sourceTree = "<group>"; };
		FE948DCE20D6447E7291F6A6 /* Pods-News.debug.xcconfig */ = {isa = PBXFileReference; includeInIndex = 1; lastKnownFileType = text.xcconfig; name = "Pods-News.debug.xcconfig"; path = "Pods/Target Support Files/Pods-News/Pods-News.debug.xcconfig"; sourceTree = "<group>"; };
/* End PBXFileReference section */

/* Begin PBXFrameworksBuildPhase section */
		C0E886CB1ECE666700FC2FAE /* Frameworks */ = {
			isa = PBXFrameworksBuildPhase;
			buildActionMask = 2147483647;
			files = (
				C5CD2B1A88C6CFCB1E1B778D /* Pods_News.framework in Frameworks */,
			);
			runOnlyForDeploymentPostprocessing = 0;
		};
/* End PBXFrameworksBuildPhase section */

/* Begin PBXGroup section */
		74EF76DED3507957FDF90156 /* Pods */ = {
			isa = PBXGroup;
			children = (
				FE948DCE20D6447E7291F6A6 /* Pods-News.debug.xcconfig */,
				06D0A15F47E173EEBA1E85EC /* Pods-News.release.xcconfig */,
			);
			name = Pods;
			sourceTree = "<group>";
		};
		891E825533E79ECDAB2B91A3 /* Frameworks */ = {
			isa = PBXGroup;
			children = (
				9262ADD2B333734BF6BD9E40 /* Pods_News.framework */,
			);
			name = Frameworks;
			sourceTree = "<group>";
		};
		C01D50791ED7BDC600AD27AF /* CoreData */ = {
			isa = PBXGroup;
			children = (
				C01D507F1ED7C17200AD27AF /* HumanFiles */,
				C01D507E1ED7C15D00AD27AF /* MachineFiles */,
				C01D507A1ED7BE0200AD27AF /* Model.xcdatamodeld */,
			);
			name = CoreData;
			sourceTree = "<group>";
		};
		C01D507E1ED7C15D00AD27AF /* MachineFiles */ = {
			isa = PBXGroup;
			children = (
				C01D50841ED7C22800AD27AF /* _Category.swift */,
				C01D50851ED7C22800AD27AF /* _News.swift */,
			);
			name = MachineFiles;
			sourceTree = "<group>";
		};
		C01D507F1ED7C17200AD27AF /* HumanFiles */ = {
			isa = PBXGroup;
			children = (
				C01D50801ED7C21300AD27AF /* Category.swift */,
				C01D50811ED7C21300AD27AF /* News.swift */,
			);
			name = HumanFiles;
			sourceTree = "<group>";
		};
		C0E886C51ECE666500FC2FAE = {
			isa = PBXGroup;
			children = (
				C0E886D01ECE666800FC2FAE /* News */,
				C0E886CF1ECE666700FC2FAE /* Products */,
				74EF76DED3507957FDF90156 /* Pods */,
				891E825533E79ECDAB2B91A3 /* Frameworks */,
			);
			sourceTree = "<group>";
		};
		C0E886CF1ECE666700FC2FAE /* Products */ = {
			isa = PBXGroup;
			children = (
				C0E886CE1ECE666700FC2FAE /* News.app */,
			);
			name = Products;
			sourceTree = "<group>";
		};
		C0E886D01ECE666800FC2FAE /* News */ = {
			isa = PBXGroup;
			children = (
				C01D50791ED7BDC600AD27AF /* CoreData */,
				C0E886E91ECE734100FC2FAE /* Extensions */,
				C0E886E41ECE71B700FC2FAE /* News */,
				C0E886E31ECE71A600FC2FAE /* Categories */,
				C0E886D11ECE666A00FC2FAE /* AppDelegate.swift */,
				C0E886D51ECE666D00FC2FAE /* Main.storyboard */,
				C0E886D81ECE667300FC2FAE /* Assets.xcassets */,
				C0E886DD1ECE667800FC2FAE /* Info.plist */,
			);
			path = News;
			sourceTree = "<group>";
		};
		C0E886E31ECE71A600FC2FAE /* Categories */ = {
			isa = PBXGroup;
			children = (
				C0E886F01ECE7C5100FC2FAE /* CustomCell */,
				C0E886E51ECE721600FC2FAE /* CategoryViewController.swift */,
				C0E886EE1ECE762B00FC2FAE /* Category.swift */,
			);
			name = Categories;
			sourceTree = "<group>";
		};
		C0E886E41ECE71B700FC2FAE /* News */ = {
			isa = PBXGroup;
			children = (
				C0E886F51ECE867E00FC2FAE /* CustomCell */,
				C0E886E71ECE723100FC2FAE /* NewsViewController.swift */,
				C0E886EC1ECE750F00FC2FAE /* News.swift */,
				C0E887501ED5015100FC2FAE /* NewsDetailTableViewController.swift */,
			);
			name = News;
			sourceTree = "<group>";
		};
		C0E886E91ECE734100FC2FAE /* Extensions */ = {
			isa = PBXGroup;
			children = (
				C0E886EA1ECE736500FC2FAE /* Helper.swift */,
			);
			name = Extensions;
			sourceTree = "<group>";
		};
		C0E886F01ECE7C5100FC2FAE /* CustomCell */ = {
			isa = PBXGroup;
			children = (
				C0E886F11ECE7C8400FC2FAE /* CategoryTableViewCell.swift */,
				C0E886F21ECE7C8400FC2FAE /* CategoryTableViewCell.xib */,
			);
			name = CustomCell;
			sourceTree = "<group>";
		};
		C0E886F51ECE867E00FC2FAE /* CustomCell */ = {
			isa = PBXGroup;
			children = (
				C0E886F61ECE869800FC2FAE /* NewsTableViewCell.swift */,
				C0E886F71ECE869800FC2FAE /* NewsTableViewCell.xib */,
			);
			name = CustomCell;
			sourceTree = "<group>";
		};
/* End PBXGroup section */

/* Begin PBXNativeTarget section */
		C0E886CD1ECE666700FC2FAE /* News */ = {
			isa = PBXNativeTarget;
			buildConfigurationList = C0E886E01ECE667900FC2FAE /* Build configuration list for PBXNativeTarget "News" */;
			buildPhases = (
				DCB092FCB127FE7487FDE7F5 /* [CP] Check Pods Manifest.lock */,
				C0E886CA1ECE666700FC2FAE /* Sources */,
				C0E886CB1ECE666700FC2FAE /* Frameworks */,
				C0E886CC1ECE666700FC2FAE /* Resources */,
				31D19F8AE294EB5ACABF193A /* [CP] Embed Pods Frameworks */,
				7208C8EE458EA287755B2030 /* [CP] Copy Pods Resources */,
			);
			buildRules = (
			);
			dependencies = (
			);
			name = News;
			productName = News;
			productReference = C0E886CE1ECE666700FC2FAE /* News.app */;
			productType = "com.apple.product-type.application";
		};
/* End PBXNativeTarget section */

/* Begin PBXProject section */
		C0E886C61ECE666600FC2FAE /* Project object */ = {
			isa = PBXProject;
			attributes = {
				LastSwiftUpdateCheck = 0830;
				LastUpgradeCheck = 0830;
				ORGANIZATIONNAME = "Ana Rodriguez";
				TargetAttributes = {
					C01D50751ED7BDB000AD27AF = {
						CreatedOnToolsVersion = 8.3.2;
						ProvisioningStyle = Automatic;
					};
					C0E886CD1ECE666700FC2FAE = {
						CreatedOnToolsVersion = 8.3.2;
						ProvisioningStyle = Automatic;
					};
				};
			};
			buildConfigurationList = C0E886C91ECE666600FC2FAE /* Build configuration list for PBXProject "News" */;
			compatibilityVersion = "Xcode 3.2";
			developmentRegion = English;
			hasScannedForEncodings = 0;
			knownRegions = (
				en,
				Base,
			);
			mainGroup = C0E886C51ECE666500FC2FAE;
			productRefGroup = C0E886CF1ECE666700FC2FAE /* Products */;
			projectDirPath = "";
			projectRoot = "";
			targets = (
				C0E886CD1ECE666700FC2FAE /* News */,
				C01D50751ED7BDB000AD27AF /* Mogenerator */,
			);
		};
/* End PBXProject section */

/* Begin PBXResourcesBuildPhase section */
		C0E886CC1ECE666700FC2FAE /* Resources */ = {
			isa = PBXResourcesBuildPhase;
			buildActionMask = 2147483647;
			files = (
				C0E886F41ECE7C8400FC2FAE /* CategoryTableViewCell.xib in Resources */,
				C0E886D91ECE667300FC2FAE /* Assets.xcassets in Resources */,
				C0E886F91ECE869800FC2FAE /* NewsTableViewCell.xib in Resources */,
				C0E886D71ECE666D00FC2FAE /* Main.storyboard in Resources */,
			);
			runOnlyForDeploymentPostprocessing = 0;
		};
/* End PBXResourcesBuildPhase section */

/* Begin PBXShellScriptBuildPhase section */
		31D19F8AE294EB5ACABF193A /* [CP] Embed Pods Frameworks */ = {
			isa = PBXShellScriptBuildPhase;
			buildActionMask = 2147483647;
			files = (
			);
			inputPaths = (
			);
			name = "[CP] Embed Pods Frameworks";
			outputPaths = (
			);
			runOnlyForDeploymentPostprocessing = 0;
			shellPath = /bin/sh;
			shellScript = "\"${SRCROOT}/Pods/Target Support Files/Pods-News/Pods-News-frameworks.sh\"\n";
			showEnvVarsInLog = 0;
		};
		7208C8EE458EA287755B2030 /* [CP] Copy Pods Resources */ = {
			isa = PBXShellScriptBuildPhase;
			buildActionMask = 2147483647;
			files = (
			);
			inputPaths = (
			);
			name = "[CP] Copy Pods Resources";
			outputPaths = (
			);
			runOnlyForDeploymentPostprocessing = 0;
			shellPath = /bin/sh;
			shellScript = "\"${SRCROOT}/Pods/Target Support Files/Pods-News/Pods-News-resources.sh\"\n";
			showEnvVarsInLog = 0;
		};
		C01D507D1ED7C02D00AD27AF /* ShellScript */ = {
			isa = PBXShellScriptBuildPhase;
			buildActionMask = 2147483647;
			files = (
			);
			inputPaths = (
			);
			outputPaths = (
			);
			runOnlyForDeploymentPostprocessing = 0;
			shellPath = /bin/sh;
			shellScript = "mogenerator -m News/Model.xcdatamodeld -O News/CoreData --swift --template-var arc= true";
		};
		DCB092FCB127FE7487FDE7F5 /* [CP] Check Pods Manifest.lock */ = {
			isa = PBXShellScriptBuildPhase;
			buildActionMask = 2147483647;
			files = (
			);
			inputPaths = (
			);
			name = "[CP] Check Pods Manifest.lock";
			outputPaths = (
			);
			runOnlyForDeploymentPostprocessing = 0;
			shellPath = /bin/sh;
			shellScript = "diff \"${PODS_PODFILE_DIR_PATH}/Podfile.lock\" \"${PODS_ROOT}/Manifest.lock\" > /dev/null\nif [ $? != 0 ] ; then\n    # print error to STDERR\n    echo \"error: The sandbox is not in sync with the Podfile.lock. Run 'pod install' or update your CocoaPods installation.\" >&2\n    exit 1\nfi\n";
			showEnvVarsInLog = 0;
		};
/* End PBXShellScriptBuildPhase section */

/* Begin PBXSourcesBuildPhase section */
		C0E886CA1ECE666700FC2FAE /* Sources */ = {
			isa = PBXSourcesBuildPhase;
			buildActionMask = 2147483647;
			files = (
				C0E886E81ECE723100FC2FAE /* NewsViewController.swift in Sources */,
				C0E886E61ECE721600FC2FAE /* CategoryViewController.swift in Sources */,
				C0E886F81ECE869800FC2FAE /* NewsTableViewCell.swift in Sources */,
				C0E886D21ECE666A00FC2FAE /* AppDelegate.swift in Sources */,
				C01D50871ED7C22800AD27AF /* _News.swift in Sources */,
				C0E886ED1ECE750F00FC2FAE /* News.swift in Sources */,
				C0E886F31ECE7C8400FC2FAE /* CategoryTableViewCell.swift in Sources */,
				C01D50831ED7C21300AD27AF /* News.swift in Sources */,
				C0E886EB1ECE736500FC2FAE /* Helper.swift in Sources */,
				C01D507C1ED7BE0200AD27AF /* Model.xcdatamodeld in Sources */,
				C01D50861ED7C22800AD27AF /* _Category.swift in Sources */,
				C0E887511ED5015100FC2FAE /* NewsDetailTableViewController.swift in Sources */,
				C0E886EF1ECE762B00FC2FAE /* Category.swift in Sources */,
				C01D50821ED7C21300AD27AF /* Category.swift in Sources */,
			);
			runOnlyForDeploymentPostprocessing = 0;
		};
/* End PBXSourcesBuildPhase section */

/* Begin PBXVariantGroup section */
		C0E886D51ECE666D00FC2FAE /* Main.storyboard */ = {
			isa = PBXVariantGroup;
			children = (
				C0E886D61ECE666D00FC2FAE /* Base */,
			);
			name = Main.storyboard;
			sourceTree = "<group>";
		};
/* End PBXVariantGroup section */

/* Begin XCBuildConfiguration section */
		C01D50761ED7BDB000AD27AF /* Debug */ = {
			isa = XCBuildConfiguration;
			buildSettings = {
				PRODUCT_NAME = "$(TARGET_NAME)";
			};
			name = Debug;
		};
		C01D50771ED7BDB000AD27AF /* Release */ = {
			isa = XCBuildConfiguration;
			buildSettings = {
				PRODUCT_NAME = "$(TARGET_NAME)";
			};
			name = Release;
		};
		C0E886DE1ECE667900FC2FAE /* Debug */ = {
			isa = XCBuildConfiguration;
			buildSettings = {
				ALWAYS_SEARCH_USER_PATHS = NO;
				CLANG_ANALYZER_NONNULL = YES;
				CLANG_ANALYZER_NUMBER_OBJECT_CONVERSION = YES_AGGRESSIVE;
				CLANG_CXX_LANGUAGE_STANDARD = "gnu++0x";
				CLANG_CXX_LIBRARY = "libc++";
				CLANG_ENABLE_MODULES = YES;
				CLANG_ENABLE_OBJC_ARC = YES;
				CLANG_WARN_BOOL_CONVERSION = YES;
				CLANG_WARN_CONSTANT_CONVERSION = YES;
				CLANG_WARN_DIRECT_OBJC_ISA_USAGE = YES_ERROR;
				CLANG_WARN_DOCUMENTATION_COMMENTS = YES;
				CLANG_WARN_EMPTY_BODY = YES;
				CLANG_WARN_ENUM_CONVERSION = YES;
				CLANG_WARN_INFINITE_RECURSION = YES;
				CLANG_WARN_INT_CONVERSION = YES;
				CLANG_WARN_OBJC_ROOT_CLASS = YES_ERROR;
				CLANG_WARN_SUSPICIOUS_MOVE = YES;
				CLANG_WARN_UNREACHABLE_CODE = YES;
				CLANG_WARN__DUPLICATE_METHOD_MATCH = YES;
				"CODE_SIGN_IDENTITY[sdk=iphoneos*]" = "iPhone Developer";
				COPY_PHASE_STRIP = NO;
				DEBUG_INFORMATION_FORMAT = dwarf;
				ENABLE_STRICT_OBJC_MSGSEND = YES;
				ENABLE_TESTABILITY = YES;
				GCC_C_LANGUAGE_STANDARD = gnu99;
				GCC_DYNAMIC_NO_PIC = NO;
				GCC_NO_COMMON_BLOCKS = YES;
				GCC_OPTIMIZATION_LEVEL = 0;
				GCC_PREPROCESSOR_DEFINITIONS = (
					"DEBUG=1",
					"$(inherited)",
				);
				GCC_WARN_64_TO_32_BIT_CONVERSION = YES;
				GCC_WARN_ABOUT_RETURN_TYPE = YES_ERROR;
				GCC_WARN_UNDECLARED_SELECTOR = YES;
				GCC_WARN_UNINITIALIZED_AUTOS = YES_AGGRESSIVE;
				GCC_WARN_UNUSED_FUNCTION = YES;
				GCC_WARN_UNUSED_VARIABLE = YES;
				IPHONEOS_DEPLOYMENT_TARGET = 10.3;
				MTL_ENABLE_DEBUG_INFO = YES;
				ONLY_ACTIVE_ARCH = YES;
				SDKROOT = iphoneos;
				SWIFT_ACTIVE_COMPILATION_CONDITIONS = DEBUG;
				SWIFT_OPTIMIZATION_LEVEL = "-Onone";
			};
			name = Debug;
		};
		C0E886DF1ECE667900FC2FAE /* Release */ = {
			isa = XCBuildConfiguration;
			buildSettings = {
				ALWAYS_SEARCH_USER_PATHS = NO;
				CLANG_ANALYZER_NONNULL = YES;
				CLANG_ANALYZER_NUMBER_OBJECT_CONVERSION = YES_AGGRESSIVE;
				CLANG_CXX_LANGUAGE_STANDARD = "gnu++0x";
				CLANG_CXX_LIBRARY = "libc++";
				CLANG_ENABLE_MODULES = YES;
				CLANG_ENABLE_OBJC_ARC = YES;
				CLANG_WARN_BOOL_CONVERSION = YES;
				CLANG_WARN_CONSTANT_CONVERSION = YES;
				CLANG_WARN_DIRECT_OBJC_ISA_USAGE = YES_ERROR;
				CLANG_WARN_DOCUMENTATION_COMMENTS = YES;
				CLANG_WARN_EMPTY_BODY = YES;
				CLANG_WARN_ENUM_CONVERSION = YES;
				CLANG_WARN_INFINITE_RECURSION = YES;
				CLANG_WARN_INT_CONVERSION = YES;
				CLANG_WARN_OBJC_ROOT_CLASS = YES_ERROR;
				CLANG_WARN_SUSPICIOUS_MOVE = YES;
				CLANG_WARN_UNREACHABLE_CODE = YES;
				CLANG_WARN__DUPLICATE_METHOD_MATCH = YES;
				"CODE_SIGN_IDENTITY[sdk=iphoneos*]" = "iPhone Developer";
				COPY_PHASE_STRIP = NO;
				DEBUG_INFORMATION_FORMAT = "dwarf-with-dsym";
				ENABLE_NS_ASSERTIONS = NO;
				ENABLE_STRICT_OBJC_MSGSEND = YES;
				GCC_C_LANGUAGE_STANDARD = gnu99;
				GCC_NO_COMMON_BLOCKS = YES;
				GCC_WARN_64_TO_32_BIT_CONVERSION = YES;
				GCC_WARN_ABOUT_RETURN_TYPE = YES_ERROR;
				GCC_WARN_UNDECLARED_SELECTOR = YES;
				GCC_WARN_UNINITIALIZED_AUTOS = YES_AGGRESSIVE;
				GCC_WARN_UNUSED_FUNCTION = YES;
				GCC_WARN_UNUSED_VARIABLE = YES;
				IPHONEOS_DEPLOYMENT_TARGET = 10.3;
				MTL_ENABLE_DEBUG_INFO = NO;
				SDKROOT = iphoneos;
				SWIFT_OPTIMIZATION_LEVEL = "-Owholemodule";
				VALIDATE_PRODUCT = YES;
			};
			name = Release;
		};
		C0E886E11ECE667900FC2FAE /* Debug */ = {
			isa = XCBuildConfiguration;
			baseConfigurationReference = FE948DCE20D6447E7291F6A6 /* Pods-News.debug.xcconfig */;
			buildSettings = {
				ASSETCATALOG_COMPILER_APPICON_NAME = AppIcon;
				ASSETCATALOG_COMPILER_LAUNCHIMAGE_NAME = LaunchImage;
				INFOPLIST_FILE = News/Info.plist;
				LD_RUNPATH_SEARCH_PATHS = "$(inherited) @executable_path/Frameworks";
				PRODUCT_BUNDLE_IDENTIFIER = "anamaria-238.News";
				PRODUCT_NAME = "$(TARGET_NAME)";
				SWIFT_VERSION = 3.0;
			};
			name = Debug;
		};
		C0E886E21ECE667900FC2FAE /* Release */ = {
			isa = XCBuildConfiguration;
			baseConfigurationReference = 06D0A15F47E173EEBA1E85EC /* Pods-News.release.xcconfig */;
			buildSettings = {
				ASSETCATALOG_COMPILER_APPICON_NAME = AppIcon;
				ASSETCATALOG_COMPILER_LAUNCHIMAGE_NAME = LaunchImage;
				INFOPLIST_FILE = News/Info.plist;
				LD_RUNPATH_SEARCH_PATHS = "$(inherited) @executable_path/Frameworks";
				PRODUCT_BUNDLE_IDENTIFIER = "anamaria-238.News";
				PRODUCT_NAME = "$(TARGET_NAME)";
				SWIFT_VERSION = 3.0;
			};
			name = Release;
		};
/* End XCBuildConfiguration section */

/* Begin XCConfigurationList section */
		C01D50781ED7BDB000AD27AF /* Build configuration list for PBXAggregateTarget "Mogenerator" */ = {
			isa = XCConfigurationList;
			buildConfigurations = (
				C01D50761ED7BDB000AD27AF /* Debug */,
				C01D50771ED7BDB000AD27AF /* Release */,
			);
			defaultConfigurationIsVisible = 0;
			defaultConfigurationName = Release;
		};
		C0E886C91ECE666600FC2FAE /* Build configuration list for PBXProject "News" */ = {
			isa = XCConfigurationList;
			buildConfigurations = (
				C0E886DE1ECE667900FC2FAE /* Debug */,
				C0E886DF1ECE667900FC2FAE /* Release */,
			);
			defaultConfigurationIsVisible = 0;
			defaultConfigurationName = Release;
		};
		C0E886E01ECE667900FC2FAE /* Build configuration list for PBXNativeTarget "News" */ = {
			isa = XCConfigurationList;
			buildConfigurations = (
				C0E886E11ECE667900FC2FAE /* Debug */,
				C0E886E21ECE667900FC2FAE /* Release */,
			);
			defaultConfigurationIsVisible = 0;
			defaultConfigurationName = Release;
		};
/* End XCConfigurationList section */

/* Begin XCVersionGroup section */
		C01D507A1ED7BE0200AD27AF /* Model.xcdatamodeld */ = {
			isa = XCVersionGroup;
			children = (
				C01D507B1ED7BE0200AD27AF /* Model.xcdatamodel */,
			);
			currentVersion = C01D507B1ED7BE0200AD27AF /* Model.xcdatamodel */;
			path = Model.xcdatamodeld;
			sourceTree = "<group>";
			versionGroupType = wrapper.xcdatamodel;
		};
/* End XCVersionGroup section */
	};
	rootObject = C0E886C61ECE666600FC2FAE /* Project object */;
}
