PODS:
  - Alamofire (4.4.0)
  - NVActivityIndicatorView (3.6.1)

DEPENDENCIES:
  - Alamofire
  - NVActivityIndicatorView

SPEC CHECKSUMS:
  Alamofire: dc44b1600b800eb63da6a19039a0083d62a6a62d
  NVActivityIndicatorView: 9f52a7f84bf5c6a798722c450fe3c198e01c56ed

PODFILE CHECKSUM: 12951935f3462f959a0c1f82d4f582ea723269b3

COCOAPODS: 1.2.1
